
Microsoft Visual Studio Solution File, Format Version 12.00
# Visual Studio Version 17
VisualStudioVersion = 17.4.33213.308
MinimumVisualStudioVersion = 10.0.40219.1
Project("{9A19103F-16F7-4668-BE54-9A1E7A4F7556}") = "dotnetcoresample", "dotnetcoresample.csproj", "{D5BB9F77-A32C-4FC2-AA58-24F3ECAFD588}"
EndProject
Global
	GlobalSection(SolutionConfigurationPlatforms) = preSolution
		Debug|Any CPU = Debug|Any CPU
		Release|Any CPU = Release|Any CPU
	EndGlobalSection
	GlobalSection(ProjectConfigurationPlatforms) = postSolution
		{D5BB9F77-A32C-4FC2-AA58-24F3ECAFD588}.Debug|Any CPU.ActiveCfg = Debug|Any CPU
		{D5BB9F77-A32C-4FC2-AA58-24F3ECAFD588}.Debug|Any CPU.Build.0 = Debug|Any CPU
		{D5BB9F77-A32C-4FC2-AA58-24F3ECAFD588}.Release|Any CPU.ActiveCfg = Release|Any CPU
		{D5BB9F77-A32C-4FC2-AA58-24F3ECAFD588}.Release|Any CPU.Build.0 = Release|Any CPU
	EndGlobalSection
	GlobalSection(SolutionProperties) = preSolution
		HideSolutionNode = FALSE
	EndGlobalSection
	GlobalSection(ExtensibilityGlobals) = postSolution
		SolutionGuid = {16166297-F4D8-486C-8AA6-20B66CCC1DCA}
	EndGlobalSection
EndGlobal
